
Microsoft Visual Studio Solution File, Format Version 12.00
# Visual Studio 15
VisualStudioVersion = 15.0.27130.2003
MinimumVisualStudioVersion = 10.0.40219.1
Project("{FAE04EC0-301F-11D3-BF4B-00C04F79EFBC}") = "Comparer", "Comparer\Comparer.csproj", "{A5E2420C-8FBA-4BBE-A8BB-B79A7CE46B3C}"
EndProject
Global
	GlobalSection(SolutionConfigurationPlatforms) = preSolution
		Debug|Any CPU = Debug|Any CPU
		Release|Any CPU = Release|Any CPU
	EndGlobalSection
	GlobalSection(ProjectConfigurationPlatforms) = postSolution
		{A5E2420C-8FBA-4BBE-A8BB-B79A7CE46B3C}.Debug|Any CPU.ActiveCfg = Debug|Any CPU
		{A5E2420C-8FBA-4BBE-A8BB-B79A7CE46B3C}.Debug|Any CPU.Build.0 = Debug|Any CPU
		{A5E2420C-8FBA-4BBE-A8BB-B79A7CE46B3C}.Release|Any CPU.ActiveCfg = Release|Any CPU
		{A5E2420C-8FBA-4BBE-A8BB-B79A7CE46B3C}.Release|Any CPU.Build.0 = Release|Any CPU
	EndGlobalSection
	GlobalSection(SolutionProperties) = preSolution
		HideSolutionNode = FALSE
	EndGlobalSection
	GlobalSection(ExtensibilityGlobals) = postSolution
		SolutionGuid = {D04342FD-DA5B-4DF0-BE8C-D60D73EF5640}
	EndGlobalSection
EndGlobal
